
Microsoft Visual Studio Solution File, Format Version 12.00
# Visual Studio Version 17
VisualStudioVersion = 17.13.35931.197 d17.13
MinimumVisualStudioVersion = 10.0.40219.1
Project("{FAE04EC0-301F-11D3-BF4B-00C04F79EFBC}") = "TrackingApi", "TrackingApi\TrackingApi.csproj", "{E92DCBFB-D30A-4AF4-9B69-3D325CC3766E}"
EndProject
Global
	GlobalSection(SolutionConfigurationPlatforms) = preSolution
		Debug|Any CPU = Debug|Any CPU
		Release|Any CPU = Release|Any CPU
	EndGlobalSection
	GlobalSection(ProjectConfigurationPlatforms) = postSolution
		{E92DCBFB-D30A-4AF4-9B69-3D325CC3766E}.Debug|Any CPU.ActiveCfg = Debug|Any CPU
		{E92DCBFB-D30A-4AF4-9B69-3D325CC3766E}.Debug|Any CPU.Build.0 = Debug|Any CPU
		{E92DCBFB-D30A-4AF4-9B69-3D325CC3766E}.Release|Any CPU.ActiveCfg = Release|Any CPU
		{E92DCBFB-D30A-4AF4-9B69-3D325CC3766E}.Release|Any CPU.Build.0 = Release|Any CPU
	EndGlobalSection
	GlobalSection(SolutionProperties) = preSolution
		HideSolutionNode = FALSE
	EndGlobalSection
	GlobalSection(ExtensibilityGlobals) = postSolution
		SolutionGuid = {8D0B5372-4417-4901-8F28-C8EDC265C753}
	EndGlobalSection
EndGlobal
